TerrificCoreBundle 77b0a5905f56d2e4b359dcf0323a03a881b088be
TerrificComposerBundle ac9dec7b35fcb0615ecfa46d04f9dc73cb3242d7
cssmin 189cf2a846885d934396c6ccf79d127730841076
jsmin 6bdb991a6e0fceb24880846c84fcfa9311021eb7
lessphp e8016a45e78d125d996bfccbbd4d4a12e15d5e99
HighlightBundle 10f3191cebbb64e47b01eedd41af0d6788ccf334
KnpMenu f8e867268f63f561c1adadd6cbb5d8524f921873
symfony 7f97b60d50031e4f1beb9a1a10c32dac816584cf
twig 9154d27622a349fb1986cb9d48014c464a0e9d5b
monolog b704c49a3051536f67f2d39f13568f74615b9922
doctrine-common b886898821288d305862ee9c567cc5b5cbb4c0dc
assetic 10f3191cebbb64e47b01eedd41af0d6788ccf334
SensioFrameworkExtraBundle 10f3191cebbb64e47b01eedd41af0d6788ccf334
SensioDistributionBundle 41a6c5caed65f02bb09c95a90579f047616471fd
AsseticBundle 10f3191cebbb64e47b01eedd41af0d6788ccf334